
Microsoft Visual Studio Solution File, Format Version 12.00
# Visual Studio Version 17
VisualStudioVersion = 17.2.32519.379
MinimumVisualStudioVersion = 10.0.40219.1
Project("{9A19103F-16F7-4668-BE54-9A1E7A4F7556}") = "GameCritic.API", "src\GameCritic.API\GameCritic.API.csproj", "{FB95AE28-3822-4D4D-89CE-E7F26A0A7A36}"
EndProject
Project("{9A19103F-16F7-4668-BE54-9A1E7A4F7556}") = "GameCritic.Domain", "src\GameCritic.Domain\GameCritic.Domain.csproj", "{72E86E48-1570-44FC-A921-6D11A71BFB93}"
EndProject
Project("{9A19103F-16F7-4668-BE54-9A1E7A4F7556}") = "GameCritic.Infrastructure", "src\GameCritic.Infrastructure\GameCritic.Infrastructure.csproj", "{4ED705ED-4432-4DA1-AC09-37B439E2A962}"
EndProject
Project("{9A19103F-16F7-4668-BE54-9A1E7A4F7556}") = "GameCritic.Application", "src\GameCritic.Application\GameCritic.Application.csproj", "{EA58DEAF-2B2C-4E56-994E-1CB068F297D3}"
EndProject
Project("{2150E333-8FDC-42A3-9474-1A3956D46DE8}") = "GameCritic.Tests", "GameCritic.Tests", "{0CE8737A-D45A-48F5-B335-7B22A83E6634}"
EndProject
Project("{FAE04EC0-301F-11D3-BF4B-00C04F79EFBC}") = "GameCritic.UnitTests", "GameCritic.UnitTests\GameCritic.UnitTests.csproj", "{F1E5032C-FAAC-497F-BADA-1CC8F170499C}"
EndProject
Global
	GlobalSection(SolutionConfigurationPlatforms) = preSolution
		Debug|Any CPU = Debug|Any CPU
		Release|Any CPU = Release|Any CPU
	EndGlobalSection
	GlobalSection(ProjectConfigurationPlatforms) = postSolution
		{FB95AE28-3822-4D4D-89CE-E7F26A0A7A36}.Debug|Any CPU.ActiveCfg = Debug|Any CPU
		{FB95AE28-3822-4D4D-89CE-E7F26A0A7A36}.Debug|Any CPU.Build.0 = Debug|Any CPU
		{FB95AE28-3822-4D4D-89CE-E7F26A0A7A36}.Release|Any CPU.ActiveCfg = Release|Any CPU
		{FB95AE28-3822-4D4D-89CE-E7F26A0A7A36}.Release|Any CPU.Build.0 = Release|Any CPU
		{72E86E48-1570-44FC-A921-6D11A71BFB93}.Debug|Any CPU.ActiveCfg = Debug|Any CPU
		{72E86E48-1570-44FC-A921-6D11A71BFB93}.Debug|Any CPU.Build.0 = Debug|Any CPU
		{72E86E48-1570-44FC-A921-6D11A71BFB93}.Release|Any CPU.ActiveCfg = Release|Any CPU
		{72E86E48-1570-44FC-A921-6D11A71BFB93}.Release|Any CPU.Build.0 = Release|Any CPU
		{4ED705ED-4432-4DA1-AC09-37B439E2A962}.Debug|Any CPU.ActiveCfg = Debug|Any CPU
		{4ED705ED-4432-4DA1-AC09-37B439E2A962}.Debug|Any CPU.Build.0 = Debug|Any CPU
		{4ED705ED-4432-4DA1-AC09-37B439E2A962}.Release|Any CPU.ActiveCfg = Release|Any CPU
		{4ED705ED-4432-4DA1-AC09-37B439E2A962}.Release|Any CPU.Build.0 = Release|Any CPU
		{EA58DEAF-2B2C-4E56-994E-1CB068F297D3}.Debug|Any CPU.ActiveCfg = Debug|Any CPU
		{EA58DEAF-2B2C-4E56-994E-1CB068F297D3}.Debug|Any CPU.Build.0 = Debug|Any CPU
		{EA58DEAF-2B2C-4E56-994E-1CB068F297D3}.Release|Any CPU.ActiveCfg = Release|Any CPU
		{EA58DEAF-2B2C-4E56-994E-1CB068F297D3}.Release|Any CPU.Build.0 = Release|Any CPU
		{F1E5032C-FAAC-497F-BADA-1CC8F170499C}.Debug|Any CPU.ActiveCfg = Debug|Any CPU
		{F1E5032C-FAAC-497F-BADA-1CC8F170499C}.Debug|Any CPU.Build.0 = Debug|Any CPU
		{F1E5032C-FAAC-497F-BADA-1CC8F170499C}.Release|Any CPU.ActiveCfg = Release|Any CPU
		{F1E5032C-FAAC-497F-BADA-1CC8F170499C}.Release|Any CPU.Build.0 = Release|Any CPU
	EndGlobalSection
	GlobalSection(SolutionProperties) = preSolution
		HideSolutionNode = FALSE
	EndGlobalSection
	GlobalSection(NestedProjects) = preSolution
		{F1E5032C-FAAC-497F-BADA-1CC8F170499C} = {0CE8737A-D45A-48F5-B335-7B22A83E6634}
	EndGlobalSection
	GlobalSection(ExtensibilityGlobals) = postSolution
		SolutionGuid = {E3F5643F-E9FC-46F1-BAD8-6275E39A655F}
	EndGlobalSection
EndGlobal
