
Microsoft Visual Studio Solution File, Format Version 12.00
# Visual Studio Version 17
VisualStudioVersion = 17.2.32519.379
MinimumVisualStudioVersion = 10.0.40219.1
Project("{9A19103F-16F7-4668-BE54-9A1E7A4F7556}") = "GameCritic.API", "src\GameCritic.API\GameCritic.API.csproj", "{FB95AE28-3822-4D4D-89CE-E7F26A0A7A36}"
EndProject
Project("{FAE04EC0-301F-11D3-BF4B-00C04F79EFBC}") = "GameCritic.Domain", "src\GameCritic.Domain\GameCritic.Domain.csproj", "{72E86E48-1570-44FC-A921-6D11A71BFB93}"
EndProject
Global
	GlobalSection(SolutionConfigurationPlatforms) = preSolution
		Debug|Any CPU = Debug|Any CPU
		Release|Any CPU = Release|Any CPU
	EndGlobalSection
	GlobalSection(ProjectConfigurationPlatforms) = postSolution
		{FB95AE28-3822-4D4D-89CE-E7F26A0A7A36}.Debug|Any CPU.ActiveCfg = Debug|Any CPU
		{FB95AE28-3822-4D4D-89CE-E7F26A0A7A36}.Debug|Any CPU.Build.0 = Debug|Any CPU
		{FB95AE28-3822-4D4D-89CE-E7F26A0A7A36}.Release|Any CPU.ActiveCfg = Release|Any CPU
		{FB95AE28-3822-4D4D-89CE-E7F26A0A7A36}.Release|Any CPU.Build.0 = Release|Any CPU
		{72E86E48-1570-44FC-A921-6D11A71BFB93}.Debug|Any CPU.ActiveCfg = Debug|Any CPU
		{72E86E48-1570-44FC-A921-6D11A71BFB93}.Debug|Any CPU.Build.0 = Debug|Any CPU
		{72E86E48-1570-44FC-A921-6D11A71BFB93}.Release|Any CPU.ActiveCfg = Release|Any CPU
		{72E86E48-1570-44FC-A921-6D11A71BFB93}.Release|Any CPU.Build.0 = Release|Any CPU
	EndGlobalSection
	GlobalSection(SolutionProperties) = preSolution
		HideSolutionNode = FALSE
	EndGlobalSection
	GlobalSection(ExtensibilityGlobals) = postSolution
		SolutionGuid = {E3F5643F-E9FC-46F1-BAD8-6275E39A655F}
	EndGlobalSection
EndGlobal
